
Microsoft Visual Studio Solution File, Format Version 12.00
# Visual Studio 15
VisualStudioVersion = 15.0.28307.852
MinimumVisualStudioVersion = 10.0.40219.1
Project("{FAE04EC0-301F-11D3-BF4B-00C04F79EFBC}") = "CodeFirstMigration", "CodeFirstMigration\CodeFirstMigration.csproj", "{D0BFCE4A-5F1D-40E2-BF1C-4339D8329F48}"
EndProject
Global
	GlobalSection(SolutionConfigurationPlatforms) = preSolution
		Debug|Any CPU = Debug|Any CPU
		Release|Any CPU = Release|Any CPU
	EndGlobalSection
	GlobalSection(ProjectConfigurationPlatforms) = postSolution
		{D0BFCE4A-5F1D-40E2-BF1C-4339D8329F48}.Debug|Any CPU.ActiveCfg = Debug|Any CPU
		{D0BFCE4A-5F1D-40E2-BF1C-4339D8329F48}.Debug|Any CPU.Build.0 = Debug|Any CPU
		{D0BFCE4A-5F1D-40E2-BF1C-4339D8329F48}.Release|Any CPU.ActiveCfg = Release|Any CPU
		{D0BFCE4A-5F1D-40E2-BF1C-4339D8329F48}.Release|Any CPU.Build.0 = Release|Any CPU
	EndGlobalSection
	GlobalSection(SolutionProperties) = preSolution
		HideSolutionNode = FALSE
	EndGlobalSection
	GlobalSection(ExtensibilityGlobals) = postSolution
		SolutionGuid = {E0DBE4A9-30DA-4C04-B0B8-E9449FA9E70A}
	EndGlobalSection
EndGlobal
